{
  "name": "parcel-css-demo",
  "version": "1.0.0",
  "lockfileVersion": 2,
  "requires": true,
  "packages": {
    "": {
      "name": "parcel-css-demo",
      "version": "1.0.0",
      "license": "ISC",
      "devDependencies": {
        "@parcel/css": "^1.0.2"
      }
    },
    "node_modules/@parcel/css": {
      "version": "1.0.2",
      "resolved": "https://registry.npmjs.org/@parcel/css/-/css-1.0.2.tgz",
      "integrity": "sha512-wvW3pHeg/nnDrHN2D1jk/FebDGtPk/vcsBAVLWZ/4ByjrCGROMtwzueeH6hja+NbsIdlDGmU6WK6wb3i+sFl+w==",
      "dev": true,
      "dependencies": {
        "detect-libc": "^1.0.3"
      },
      "engines": {
        "node": ">= 12.0.0"
      },
      "funding": {
        "type": "opencollective",
        "url": "https://opencollective.com/parcel"
      },
      "optionalDependencies": {
        "@parcel/css-darwin-arm64": "1.0.2",
        "@parcel/css-darwin-x64": "1.0.2",
        "@parcel/css-linux-arm-gnueabihf": "1.0.2",
        "@parcel/css-linux-arm64-gnu": "1.0.2",
        "@parcel/css-linux-arm64-musl": "1.0.2",
        "@parcel/css-linux-x64-gnu": "1.0.2",
        "@parcel/css-linux-x64-musl": "1.0.2",
        "@parcel/css-win32-x64-msvc": "1.0.2"
      }
    },
    "node_modules/@parcel/css-darwin-arm64": {
      "version": "1.0.2",
      "resolved": "https://registry.npmjs.org/@parcel/css-darwin-arm64/-/css-darwin-arm64-1.0.2.tgz",
      "integrity": "sha512-o71p+/5LjyyknMExedWVGj7ib0enF3zeZ7m54m6B/Lk2Q4/2Q4eSpUlyTSvYsxLu827Jdtb6CMpcCwVl51wiRw==",
      "cpu": [
        "arm64"
      ],
      "dev": true,
      "optional": true,
      "os": [
        "darwin"
      ],
      "engines": {
        "node": ">= 12.0.0"
      },
      "funding": {
        "type": "opencollective",
        "url": "https://opencollective.com/parcel"
      }
    },
    "node_modules/@parcel/css-darwin-x64": {
      "version": "1.0.2",
      "resolved": "https://registry.npmjs.org/@parcel/css-darwin-x64/-/css-darwin-x64-1.0.2.tgz",
      "integrity": "sha512-0QszTsduXZ091c1ViYHDWHVaT9zuEEx9uvlWEd8D0s/ikpxbvKxdf+WD29KuzyaeUK8sPXf0E0q4ya8lXC2nEg==",
      "cpu": [
        "x64"
      ],
      "dev": true,
      "optional": true,
      "os": [
        "darwin"
      ],
      "engines": {
        "node": ">= 12.0.0"
      },
      "funding": {
        "type": "opencollective",
        "url": "https://opencollective.com/parcel"
      }
    },
    "node_modules/@parcel/css-linux-arm-gnueabihf": {
      "version": "1.0.2",
      "resolved": "https://registry.npmjs.org/@parcel/css-linux-arm-gnueabihf/-/css-linux-arm-gnueabihf-1.0.2.tgz",
      "integrity": "sha512-MGduyTnRT1rZsiTEwphpZCaH6UU1yHarwUmbbzl6ZG0ZJMXjU03JJdB6H2Y2uIaZALes6/fWG91omFIAOMjcvg==",
      "cpu": [
        "arm"
      ],
      "dev": true,
      "optional": true,
      "os": [
        "linux"
      ],
      "engines": {
        "node": ">= 12.0.0"
      },
      "funding": {
        "type": "opencollective",
        "url": "https://opencollective.com/parcel"
      }
    },
    "node_modules/@parcel/css-linux-arm64-gnu": {
      "version": "1.0.2",
      "resolved": "https://registry.npmjs.org/@parcel/css-linux-arm64-gnu/-/css-linux-arm64-gnu-1.0.2.tgz",
      "integrity": "sha512-iZMJH5ZaXrBzIdv7Ue+cZ5saIO96fiTmsW6hSaHm1tBR26A80fA+91GiFTBvbwr3Ri4uCysoYUXeUy5rWg196w==",
      "cpu": [
        "arm64"
      ],
      "dev": true,
      "optional": true,
      "os": [
        "linux"
      ],
      "engines": {
        "node": ">= 12.0.0"
      },
      "funding": {
        "type": "opencollective",
        "url": "https://opencollective.com/parcel"
      }
    },
    "node_modules/@parcel/css-linux-arm64-musl": {
      "version": "1.0.2",
      "resolved": "https://registry.npmjs.org/@parcel/css-linux-arm64-musl/-/css-linux-arm64-musl-1.0.2.tgz",
      "integrity": "sha512-mzw5l6eCRhCLKMWB2kNY0rZxUSoOYjXgvotV4CV+uJEVDp7CJYH57UzktRNL6Ff6nlkBS9RF9pi5pvqgBhYbjg==",
      "cpu": [
        "arm64"
      ],
      "dev": true,
      "optional": true,
      "os": [
        "linux"
      ],
      "engines": {
        "node": ">= 12.0.0"
      },
      "funding": {
        "type": "opencollective",
        "url": "https://opencollective.com/parcel"
      }
    },
    "node_modules/@parcel/css-linux-x64-gnu": {
      "version": "1.0.2",
      "resolved": "https://registry.npmjs.org/@parcel/css-linux-x64-gnu/-/css-linux-x64-gnu-1.0.2.tgz",
      "integrity": "sha512-GS2hkMQfHMk/ky8ovMlFAx+G13xSVmkosOcq6PcV95E+V6OS5IfZ27VB3NpnZe01DlApOatHq8keXr00KBqoow==",
      "cpu": [
        "x64"
      ],
      "dev": true,
      "optional": true,
      "os": [
        "linux"
      ],
      "engines": {
        "node": ">= 12.0.0"
      },
      "funding": {
        "type": "opencollective",
        "url": "https://opencollective.com/parcel"
      }
    },
    "node_modules/@parcel/css-linux-x64-musl": {
      "version": "1.0.2",
      "resolved": "https://registry.npmjs.org/@parcel/css-linux-x64-musl/-/css-linux-x64-musl-1.0.2.tgz",
      "integrity": "sha512-sHRSJRkDijC7iGglV3l9cbkX63iB2zGIciQyrT9yvLnGnadI03vllcgS5CwSvPoI/H72b8YePrFWop//RDhqcQ==",
      "cpu": [
        "x64"
      ],
      "dev": true,
      "optional": true,
      "os": [
        "linux"
      ],
      "engines": {
        "node": ">= 12.0.0"
      },
      "funding": {
        "type": "opencollective",
        "url": "https://opencollective.com/parcel"
      }
    },
    "node_modules/@parcel/css-win32-x64-msvc": {
      "version": "1.0.2",
      "resolved": "https://registry.npmjs.org/@parcel/css-win32-x64-msvc/-/css-win32-x64-msvc-1.0.2.tgz",
      "integrity": "sha512-dssIgU09sJHLj+jJbIyy6Y9njNpFF13L8Q07ANErp4HNunlo6+WpXUmFe9/riD2opPyHjNUfV7jjt36bau9fzA==",
      "cpu": [
        "x64"
      ],
      "dev": true,
      "optional": true,
      "os": [
        "win32"
      ],
      "engines": {
        "node": ">= 12.0.0"
      },
      "funding": {
        "type": "opencollective",
        "url": "https://opencollective.com/parcel"
      }
    },
    "node_modules/detect-libc": {
      "version": "1.0.3",
      "resolved": "https://registry.npmjs.org/detect-libc/-/detect-libc-1.0.3.tgz",
      "integrity": "sha1-+hN8S9aY7fVc1c0CrFWfkaTEups=",
      "dev": true,
      "bin": {
        "detect-libc": "bin/detect-libc.js"
      },
      "engines": {
        "node": ">=0.10"
      }
    }
  },
  "dependencies": {
    "@parcel/css": {
      "version": "1.0.2",
      "resolved": "https://registry.npmjs.org/@parcel/css/-/css-1.0.2.tgz",
      "integrity": "sha512-wvW3pHeg/nnDrHN2D1jk/FebDGtPk/vcsBAVLWZ/4ByjrCGROMtwzueeH6hja+NbsIdlDGmU6WK6wb3i+sFl+w==",
      "dev": true,
      "requires": {
        "@parcel/css-darwin-arm64": "1.0.2",
        "@parcel/css-darwin-x64": "1.0.2",
        "@parcel/css-linux-arm-gnueabihf": "1.0.2",
        "@parcel/css-linux-arm64-gnu": "1.0.2",
        "@parcel/css-linux-arm64-musl": "1.0.2",
        "@parcel/css-linux-x64-gnu": "1.0.2",
        "@parcel/css-linux-x64-musl": "1.0.2",
        "@parcel/css-win32-x64-msvc": "1.0.2",
        "detect-libc": "^1.0.3"
      }
    },
    "@parcel/css-darwin-arm64": {
      "version": "1.0.2",
      "resolved": "https://registry.npmjs.org/@parcel/css-darwin-arm64/-/css-darwin-arm64-1.0.2.tgz",
      "integrity": "sha512-o71p+/5LjyyknMExedWVGj7ib0enF3zeZ7m54m6B/Lk2Q4/2Q4eSpUlyTSvYsxLu827Jdtb6CMpcCwVl51wiRw==",
      "dev": true,
      "optional": true
    },
    "@parcel/css-darwin-x64": {
      "version": "1.0.2",
      "resolved": "https://registry.npmjs.org/@parcel/css-darwin-x64/-/css-darwin-x64-1.0.2.tgz",
      "integrity": "sha512-0QszTsduXZ091c1ViYHDWHVaT9zuEEx9uvlWEd8D0s/ikpxbvKxdf+WD29KuzyaeUK8sPXf0E0q4ya8lXC2nEg==",
      "dev": true,
      "optional": true
    },
    "@parcel/css-linux-arm-gnueabihf": {
      "version": "1.0.2",
      "resolved": "https://registry.npmjs.org/@parcel/css-linux-arm-gnueabihf/-/css-linux-arm-gnueabihf-1.0.2.tgz",
      "integrity": "sha512-MGduyTnRT1rZsiTEwphpZCaH6UU1yHarwUmbbzl6ZG0ZJMXjU03JJdB6H2Y2uIaZALes6/fWG91omFIAOMjcvg==",
      "dev": true,
      "optional": true
    },
    "@parcel/css-linux-arm64-gnu": {
      "version": "1.0.2",
      "resolved": "https://registry.npmjs.org/@parcel/css-linux-arm64-gnu/-/css-linux-arm64-gnu-1.0.2.tgz",
      "integrity": "sha512-iZMJH5ZaXrBzIdv7Ue+cZ5saIO96fiTmsW6hSaHm1tBR26A80fA+91GiFTBvbwr3Ri4uCysoYUXeUy5rWg196w==",
      "dev": true,
      "optional": true
    },
    "@parcel/css-linux-arm64-musl": {
      "version": "1.0.2",
      "resolved": "https://registry.npmjs.org/@parcel/css-linux-arm64-musl/-/css-linux-arm64-musl-1.0.2.tgz",
      "integrity": "sha512-mzw5l6eCRhCLKMWB2kNY0rZxUSoOYjXgvotV4CV+uJEVDp7CJYH57UzktRNL6Ff6nlkBS9RF9pi5pvqgBhYbjg==",
      "dev": true,
      "optional": true
    },
    "@parcel/css-linux-x64-gnu": {
      "version": "1.0.2",
      "resolved": "https://registry.npmjs.org/@parcel/css-linux-x64-gnu/-/css-linux-x64-gnu-1.0.2.tgz",
      "integrity": "sha512-GS2hkMQfHMk/ky8ovMlFAx+G13xSVmkosOcq6PcV95E+V6OS5IfZ27VB3NpnZe01DlApOatHq8keXr00KBqoow==",
      "dev": true,
      "optional": true
    },
    "@parcel/css-linux-x64-musl": {
      "version": "1.0.2",
      "resolved": "https://registry.npmjs.org/@parcel/css-linux-x64-musl/-/css-linux-x64-musl-1.0.2.tgz",
      "integrity": "sha512-sHRSJRkDijC7iGglV3l9cbkX63iB2zGIciQyrT9yvLnGnadI03vllcgS5CwSvPoI/H72b8YePrFWop//RDhqcQ==",
      "dev": true,
      "optional": true
    },
    "@parcel/css-win32-x64-msvc": {
      "version": "1.0.2",
      "resolved": "https://registry.npmjs.org/@parcel/css-win32-x64-msvc/-/css-win32-x64-msvc-1.0.2.tgz",
      "integrity": "sha512-dssIgU09sJHLj+jJbIyy6Y9njNpFF13L8Q07ANErp4HNunlo6+WpXUmFe9/riD2opPyHjNUfV7jjt36bau9fzA==",
      "dev": true,
      "optional": true
    },
    "detect-libc": {
      "version": "1.0.3",
      "resolved": "https://registry.npmjs.org/detect-libc/-/detect-libc-1.0.3.tgz",
      "integrity": "sha1-+hN8S9aY7fVc1c0CrFWfkaTEups=",
      "dev": true
    }
  }
}
